// !$*UTF8*$!
{
	archiveVersion = 1;
	classes = {
	};
	objectVersion = 56;
	objects = {

/* Begin PBXBuildFile section */
		C9A2E9D42CB6B20200F99900 /* RxCocoa in Frameworks */ = {isa = PBXBuildFile; productRef = C9A2E9D32CB6B20200F99900 /* RxCocoa */; };
		C9A2E9D62CB6B20200F99900 /* RxSwift in Frameworks */ = {isa = PBXBuildFile; productRef = C9A2E9D52CB6B20200F99900 /* RxSwift */; };
		C9A2E9D92CB6B26000F99900 /* Differentiator in Frameworks */ = {isa = PBXBuildFile; productRef = C9A2E9D82CB6B26000F99900 /* Differentiator */; };
		C9A2E9DB2CB6B26000F99900 /* RxDataSources in Frameworks */ = {isa = PBXBuildFile; productRef = C9A2E9DA2CB6B26000F99900 /* RxDataSources */; };
		C9A2E9DE2CB6B2B800F99900 /* Kingfisher in Frameworks */ = {isa = PBXBuildFile; productRef = C9A2E9DD2CB6B2B800F99900 /* Kingfisher */; };
		C9A2E9E12CB6B35900F99900 /* RealmSwift in Frameworks */ = {isa = PBXBuildFile; productRef = C9A2E9E02CB6B35900F99900 /* RealmSwift */; };
		C9A2E9E42CB6B3C200F99900 /* SnapKit in Frameworks */ = {isa = PBXBuildFile; productRef = C9A2E9E32CB6B3C200F99900 /* SnapKit */; };
		C9A2E9E92CB6BE6500F99900 /* .swiftlint.yml in Resources */ = {isa = PBXBuildFile; fileRef = C9A2E9E82CB6BE6500F99900 /* .swiftlint.yml */; };
		C9FBC3562CB6574A00EBAE11 /* AppDelegate.swift in Sources */ = {isa = PBXBuildFile; fileRef = C9FBC3552CB6574A00EBAE11 /* AppDelegate.swift */; };
		C9FBC3582CB6574A00EBAE11 /* SceneDelegate.swift in Sources */ = {isa = PBXBuildFile; fileRef = C9FBC3572CB6574A00EBAE11 /* SceneDelegate.swift */; };
		C9FBC35A2CB6574A00EBAE11 /* ViewController.swift in Sources */ = {isa = PBXBuildFile; fileRef = C9FBC3592CB6574A00EBAE11 /* ViewController.swift */; };
		C9FBC35F2CB6574A00EBAE11 /* Assets.xcassets in Resources */ = {isa = PBXBuildFile; fileRef = C9FBC35E2CB6574A00EBAE11 /* Assets.xcassets */; };
		C9FBC3622CB6574A00EBAE11 /* Base in Resources */ = {isa = PBXBuildFile; fileRef = C9FBC3612CB6574A00EBAE11 /* Base */; };
/* End PBXBuildFile section */

/* Begin PBXFileReference section */
		C9A2E9E82CB6BE6500F99900 /* .swiftlint.yml */ = {isa = PBXFileReference; fileEncoding = 4; lastKnownFileType = text.yaml; path = .swiftlint.yml; sourceTree = "<group>"; };
		C9FBC3522CB6574A00EBAE11 /* Moolog.app */ = {isa = PBXFileReference; explicitFileType = wrapper.application; includeInIndex = 0; path = Moolog.app; sourceTree = BUILT_PRODUCTS_DIR; };
		C9FBC3552CB6574A00EBAE11 /* AppDelegate.swift */ = {isa = PBXFileReference; lastKnownFileType = sourcecode.swift; path = AppDelegate.swift; sourceTree = "<group>"; };
		C9FBC3572CB6574A00EBAE11 /* SceneDelegate.swift */ = {isa = PBXFileReference; lastKnownFileType = sourcecode.swift; path = SceneDelegate.swift; sourceTree = "<group>"; };
		C9FBC3592CB6574A00EBAE11 /* ViewController.swift */ = {isa = PBXFileReference; lastKnownFileType = sourcecode.swift; path = ViewController.swift; sourceTree = "<group>"; };
		C9FBC35E2CB6574A00EBAE11 /* Assets.xcassets */ = {isa = PBXFileReference; lastKnownFileType = folder.assetcatalog; path = Assets.xcassets; sourceTree = "<group>"; };
		C9FBC3612CB6574A00EBAE11 /* Base */ = {isa = PBXFileReference; lastKnownFileType = file.storyboard; name = Base; path = Base.lproj/LaunchScreen.storyboard; sourceTree = "<group>"; };
		C9FBC3632CB6574A00EBAE11 /* Info.plist */ = {isa = PBXFileReference; lastKnownFileType = text.plist.xml; path = Info.plist; sourceTree = "<group>"; };
/* End PBXFileReference section */

/* Begin PBXFrameworksBuildPhase section */
		C9FBC34F2CB6574A00EBAE11 /* Frameworks */ = {
			isa = PBXFrameworksBuildPhase;
			buildActionMask = 2147483647;
			files = (
				C9A2E9E12CB6B35900F99900 /* RealmSwift in Frameworks */,
				C9A2E9D62CB6B20200F99900 /* RxSwift in Frameworks */,
				C9A2E9DB2CB6B26000F99900 /* RxDataSources in Frameworks */,
				C9A2E9E42CB6B3C200F99900 /* SnapKit in Frameworks */,
				C9A2E9D92CB6B26000F99900 /* Differentiator in Frameworks */,
				C9A2E9D42CB6B20200F99900 /* RxCocoa in Frameworks */,
				C9A2E9DE2CB6B2B800F99900 /* Kingfisher in Frameworks */,
			);
			runOnlyForDeploymentPostprocessing = 0;
		};
/* End PBXFrameworksBuildPhase section */

/* Begin PBXGroup section */
		C9FBC3492CB6574A00EBAE11 = {
			isa = PBXGroup;
			children = (
				C9A2E9E82CB6BE6500F99900 /* .swiftlint.yml */,
				C9FBC3542CB6574A00EBAE11 /* Moolog */,
				C9FBC3532CB6574A00EBAE11 /* Products */,
			);
			sourceTree = "<group>";
		};
		C9FBC3532CB6574A00EBAE11 /* Products */ = {
			isa = PBXGroup;
			children = (
				C9FBC3522CB6574A00EBAE11 /* Moolog.app */,
			);
			name = Products;
			sourceTree = "<group>";
		};
		C9FBC3542CB6574A00EBAE11 /* Moolog */ = {
			isa = PBXGroup;
			children = (
				C9FBC3552CB6574A00EBAE11 /* AppDelegate.swift */,
				C9FBC3572CB6574A00EBAE11 /* SceneDelegate.swift */,
				C9FBC3592CB6574A00EBAE11 /* ViewController.swift */,
				C9FBC35E2CB6574A00EBAE11 /* Assets.xcassets */,
				C9FBC3602CB6574A00EBAE11 /* LaunchScreen.storyboard */,
				C9FBC3632CB6574A00EBAE11 /* Info.plist */,
			);
			path = Moolog;
			sourceTree = "<group>";
		};
/* End PBXGroup section */

/* Begin PBXNativeTarget section */
		C9FBC3512CB6574A00EBAE11 /* Moolog */ = {
			isa = PBXNativeTarget;
			buildConfigurationList = C9FBC3662CB6574A00EBAE11 /* Build configuration list for PBXNativeTarget "Moolog" */;
			buildPhases = (
				C9FBC34E2CB6574A00EBAE11 /* Sources */,
				C9FBC34F2CB6574A00EBAE11 /* Frameworks */,
				C9FBC3502CB6574A00EBAE11 /* Resources */,
			);
			buildRules = (
			);
			dependencies = (
				C9A2E9E72CB6B54900F99900 /* PBXTargetDependency */,
			);
			name = Moolog;
			packageProductDependencies = (
				C9A2E9D32CB6B20200F99900 /* RxCocoa */,
				C9A2E9D52CB6B20200F99900 /* RxSwift */,
				C9A2E9D82CB6B26000F99900 /* Differentiator */,
				C9A2E9DA2CB6B26000F99900 /* RxDataSources */,
				C9A2E9DD2CB6B2B800F99900 /* Kingfisher */,
				C9A2E9E02CB6B35900F99900 /* RealmSwift */,
				C9A2E9E32CB6B3C200F99900 /* SnapKit */,
			);
			productName = Moolog;
			productReference = C9FBC3522CB6574A00EBAE11 /* Moolog.app */;
			productType = "com.apple.product-type.application";
		};
/* End PBXNativeTarget section */

/* Begin PBXProject section */
		C9FBC34A2CB6574A00EBAE11 /* Project object */ = {
			isa = PBXProject;
			attributes = {
				BuildIndependentTargetsInParallel = 1;
				LastSwiftUpdateCheck = 1530;
				LastUpgradeCheck = 1530;
				TargetAttributes = {
					C9FBC3512CB6574A00EBAE11 = {
						CreatedOnToolsVersion = 15.3;
					};
				};
			};
			buildConfigurationList = C9FBC34D2CB6574A00EBAE11 /* Build configuration list for PBXProject "Moolog" */;
			compatibilityVersion = "Xcode 14.0";
			developmentRegion = en;
			hasScannedForEncodings = 0;
			knownRegions = (
				en,
				Base,
			);
			mainGroup = C9FBC3492CB6574A00EBAE11;
			packageReferences = (
				C9A2E9D22CB6B20200F99900 /* XCRemoteSwiftPackageReference "RxSwift" */,
				C9A2E9D72CB6B26000F99900 /* XCRemoteSwiftPackageReference "RxDataSources" */,
				C9A2E9DC2CB6B2B800F99900 /* XCRemoteSwiftPackageReference "Kingfisher" */,
				C9A2E9DF2CB6B35900F99900 /* XCRemoteSwiftPackageReference "realm-swift" */,
				C9A2E9E22CB6B3C200F99900 /* XCRemoteSwiftPackageReference "SnapKit" */,
				C9A2E9E52CB6B52400F99900 /* XCRemoteSwiftPackageReference "SwiftLint" */,
			);
			productRefGroup = C9FBC3532CB6574A00EBAE11 /* Products */;
			projectDirPath = "";
			projectRoot = "";
			targets = (
				C9FBC3512CB6574A00EBAE11 /* Moolog */,
			);
		};
/* End PBXProject section */

/* Begin PBXResourcesBuildPhase section */
		C9FBC3502CB6574A00EBAE11 /* Resources */ = {
			isa = PBXResourcesBuildPhase;
			buildActionMask = 2147483647;
			files = (
				C9A2E9E92CB6BE6500F99900 /* .swiftlint.yml in Resources */,
				C9FBC35F2CB6574A00EBAE11 /* Assets.xcassets in Resources */,
				C9FBC3622CB6574A00EBAE11 /* Base in Resources */,
			);
			runOnlyForDeploymentPostprocessing = 0;
		};
/* End PBXResourcesBuildPhase section */

/* Begin PBXSourcesBuildPhase section */
		C9FBC34E2CB6574A00EBAE11 /* Sources */ = {
			isa = PBXSourcesBuildPhase;
			buildActionMask = 2147483647;
			files = (
				C9FBC35A2CB6574A00EBAE11 /* ViewController.swift in Sources */,
				C9FBC3562CB6574A00EBAE11 /* AppDelegate.swift in Sources */,
				C9FBC3582CB6574A00EBAE11 /* SceneDelegate.swift in Sources */,
			);
			runOnlyForDeploymentPostprocessing = 0;
		};
/* End PBXSourcesBuildPhase section */

/* Begin PBXTargetDependency section */
		C9A2E9E72CB6B54900F99900 /* PBXTargetDependency */ = {
			isa = PBXTargetDependency;
			productRef = C9A2E9E62CB6B54900F99900 /* SwiftLintBuildToolPlugin */;
		};
/* End PBXTargetDependency section */

/* Begin PBXVariantGroup section */
		C9FBC3602CB6574A00EBAE11 /* LaunchScreen.storyboard */ = {
			isa = PBXVariantGroup;
			children = (
				C9FBC3612CB6574A00EBAE11 /* Base */,
			);
			name = LaunchScreen.storyboard;
			sourceTree = "<group>";
		};
/* End PBXVariantGroup section */

/* Begin XCBuildConfiguration section */
		C9FBC3642CB6574A00EBAE11 /* Debug */ = {
			isa = XCBuildConfiguration;
			buildSettings = {
				ALWAYS_SEARCH_USER_PATHS = NO;
				ASSETCATALOG_COMPILER_GENERATE_SWIFT_ASSET_SYMBOL_EXTENSIONS = YES;
				CLANG_ANALYZER_NONNULL = YES;
				CLANG_ANALYZER_NUMBER_OBJECT_CONVERSION = YES_AGGRESSIVE;
				CLANG_CXX_LANGUAGE_STANDARD = "gnu++20";
				CLANG_ENABLE_MODULES = YES;
				CLANG_ENABLE_OBJC_ARC = YES;
				CLANG_ENABLE_OBJC_WEAK = YES;
				CLANG_WARN_BLOCK_CAPTURE_AUTORELEASING = YES;
				CLANG_WARN_BOOL_CONVERSION = YES;
				CLANG_WARN_COMMA = YES;
				CLANG_WARN_CONSTANT_CONVERSION = YES;
				CLANG_WARN_DEPRECATED_OBJC_IMPLEMENTATIONS = YES;
				CLANG_WARN_DIRECT_OBJC_ISA_USAGE = YES_ERROR;
				CLANG_WARN_DOCUMENTATION_COMMENTS = YES;
				CLANG_WARN_EMPTY_BODY = YES;
				CLANG_WARN_ENUM_CONVERSION = YES;
				CLANG_WARN_INFINITE_RECURSION = YES;
				CLANG_WARN_INT_CONVERSION = YES;
				CLANG_WARN_NON_LITERAL_NULL_CONVERSION = YES;
				CLANG_WARN_OBJC_IMPLICIT_RETAIN_SELF = YES;
				CLANG_WARN_OBJC_LITERAL_CONVERSION = YES;
				CLANG_WARN_OBJC_ROOT_CLASS = YES_ERROR;
				CLANG_WARN_QUOTED_INCLUDE_IN_FRAMEWORK_HEADER = YES;
				CLANG_WARN_RANGE_LOOP_ANALYSIS = YES;
				CLANG_WARN_STRICT_PROTOTYPES = YES;
				CLANG_WARN_SUSPICIOUS_MOVE = YES;
				CLANG_WARN_UNGUARDED_AVAILABILITY = YES_AGGRESSIVE;
				CLANG_WARN_UNREACHABLE_CODE = YES;
				CLANG_WARN__DUPLICATE_METHOD_MATCH = YES;
				COPY_PHASE_STRIP = NO;
				DEBUG_INFORMATION_FORMAT = dwarf;
				ENABLE_STRICT_OBJC_MSGSEND = YES;
				ENABLE_TESTABILITY = YES;
				ENABLE_USER_SCRIPT_SANDBOXING = YES;
				GCC_C_LANGUAGE_STANDARD = gnu17;
				GCC_DYNAMIC_NO_PIC = NO;
				GCC_NO_COMMON_BLOCKS = YES;
				GCC_OPTIMIZATION_LEVEL = 0;
				GCC_PREPROCESSOR_DEFINITIONS = (
					"DEBUG=1",
					"$(inherited)",
				);
				GCC_WARN_64_TO_32_BIT_CONVERSION = YES;
				GCC_WARN_ABOUT_RETURN_TYPE = YES_ERROR;
				GCC_WARN_UNDECLARED_SELECTOR = YES;
				GCC_WARN_UNINITIALIZED_AUTOS = YES_AGGRESSIVE;
				GCC_WARN_UNUSED_FUNCTION = YES;
				GCC_WARN_UNUSED_VARIABLE = YES;
				IPHONEOS_DEPLOYMENT_TARGET = 17.4;
				LOCALIZATION_PREFERS_STRING_CATALOGS = YES;
				MTL_ENABLE_DEBUG_INFO = INCLUDE_SOURCE;
				MTL_FAST_MATH = YES;
				ONLY_ACTIVE_ARCH = YES;
				SDKROOT = iphoneos;
				SWIFT_ACTIVE_COMPILATION_CONDITIONS = "DEBUG $(inherited)";
				SWIFT_OPTIMIZATION_LEVEL = "-Onone";
			};
			name = Debug;
		};
		C9FBC3652CB6574A00EBAE11 /* Release */ = {
			isa = XCBuildConfiguration;
			buildSettings = {
				ALWAYS_SEARCH_USER_PATHS = NO;
				ASSETCATALOG_COMPILER_GENERATE_SWIFT_ASSET_SYMBOL_EXTENSIONS = YES;
				CLANG_ANALYZER_NONNULL = YES;
				CLANG_ANALYZER_NUMBER_OBJECT_CONVERSION = YES_AGGRESSIVE;
				CLANG_CXX_LANGUAGE_STANDARD = "gnu++20";
				CLANG_ENABLE_MODULES = YES;
				CLANG_ENABLE_OBJC_ARC = YES;
				CLANG_ENABLE_OBJC_WEAK = YES;
				CLANG_WARN_BLOCK_CAPTURE_AUTORELEASING = YES;
				CLANG_WARN_BOOL_CONVERSION = YES;
				CLANG_WARN_COMMA = YES;
				CLANG_WARN_CONSTANT_CONVERSION = YES;
				CLANG_WARN_DEPRECATED_OBJC_IMPLEMENTATIONS = YES;
				CLANG_WARN_DIRECT_OBJC_ISA_USAGE = YES_ERROR;
				CLANG_WARN_DOCUMENTATION_COMMENTS = YES;
				CLANG_WARN_EMPTY_BODY = YES;
				CLANG_WARN_ENUM_CONVERSION = YES;
				CLANG_WARN_INFINITE_RECURSION = YES;
				CLANG_WARN_INT_CONVERSION = YES;
				CLANG_WARN_NON_LITERAL_NULL_CONVERSION = YES;
				CLANG_WARN_OBJC_IMPLICIT_RETAIN_SELF = YES;
				CLANG_WARN_OBJC_LITERAL_CONVERSION = YES;
				CLANG_WARN_OBJC_ROOT_CLASS = YES_ERROR;
				CLANG_WARN_QUOTED_INCLUDE_IN_FRAMEWORK_HEADER = YES;
				CLANG_WARN_RANGE_LOOP_ANALYSIS = YES;
				CLANG_WARN_STRICT_PROTOTYPES = YES;
				CLANG_WARN_SUSPICIOUS_MOVE = YES;
				CLANG_WARN_UNGUARDED_AVAILABILITY = YES_AGGRESSIVE;
				CLANG_WARN_UNREACHABLE_CODE = YES;
				CLANG_WARN__DUPLICATE_METHOD_MATCH = YES;
				COPY_PHASE_STRIP = NO;
				DEBUG_INFORMATION_FORMAT = "dwarf-with-dsym";
				ENABLE_NS_ASSERTIONS = NO;
				ENABLE_STRICT_OBJC_MSGSEND = YES;
				ENABLE_USER_SCRIPT_SANDBOXING = YES;
				GCC_C_LANGUAGE_STANDARD = gnu17;
				GCC_NO_COMMON_BLOCKS = YES;
				GCC_WARN_64_TO_32_BIT_CONVERSION = YES;
				GCC_WARN_ABOUT_RETURN_TYPE = YES_ERROR;
				GCC_WARN_UNDECLARED_SELECTOR = YES;
				GCC_WARN_UNINITIALIZED_AUTOS = YES_AGGRESSIVE;
				GCC_WARN_UNUSED_FUNCTION = YES;
				GCC_WARN_UNUSED_VARIABLE = YES;
				IPHONEOS_DEPLOYMENT_TARGET = 17.4;
				LOCALIZATION_PREFERS_STRING_CATALOGS = YES;
				MTL_ENABLE_DEBUG_INFO = NO;
				MTL_FAST_MATH = YES;
				SDKROOT = iphoneos;
				SWIFT_COMPILATION_MODE = wholemodule;
				VALIDATE_PRODUCT = YES;
			};
			name = Release;
		};
		C9FBC3672CB6574A00EBAE11 /* Debug */ = {
			isa = XCBuildConfiguration;
			buildSettings = {
				ASSETCATALOG_COMPILER_APPICON_NAME = AppIcon;
				ASSETCATALOG_COMPILER_GLOBAL_ACCENT_COLOR_NAME = AccentColor;
				CODE_SIGN_STYLE = Automatic;
				CURRENT_PROJECT_VERSION = 1;
				DEVELOPMENT_TEAM = T4W7695R5C;
				GENERATE_INFOPLIST_FILE = YES;
				INFOPLIST_FILE = Moolog/Info.plist;
				INFOPLIST_KEY_UIApplicationSupportsIndirectInputEvents = YES;
				INFOPLIST_KEY_UILaunchStoryboardName = LaunchScreen;
				INFOPLIST_KEY_UISupportedInterfaceOrientations = UIInterfaceOrientationPortrait;
				INFOPLIST_KEY_UISupportedInterfaceOrientations_iPad = UIInterfaceOrientationPortrait;
				IPHONEOS_DEPLOYMENT_TARGET = 15.0;
				LD_RUNPATH_SEARCH_PATHS = (
					"$(inherited)",
					"@executable_path/Frameworks",
				);
				MARKETING_VERSION = 1.0;
				PRODUCT_BUNDLE_IDENTIFIER = com.melongcity.Moolog;
				PRODUCT_NAME = "$(TARGET_NAME)";
				SUPPORTED_PLATFORMS = "iphoneos iphonesimulator";
				SUPPORTS_MACCATALYST = NO;
				SUPPORTS_MAC_DESIGNED_FOR_IPHONE_IPAD = NO;
				SUPPORTS_XR_DESIGNED_FOR_IPHONE_IPAD = NO;
				SWIFT_EMIT_LOC_STRINGS = YES;
				SWIFT_VERSION = 5.0;
				TARGETED_DEVICE_FAMILY = 1;
			};
			name = Debug;
		};
		C9FBC3682CB6574A00EBAE11 /* Release */ = {
			isa = XCBuildConfiguration;
			buildSettings = {
				ASSETCATALOG_COMPILER_APPICON_NAME = AppIcon;
				ASSETCATALOG_COMPILER_GLOBAL_ACCENT_COLOR_NAME = AccentColor;
				CODE_SIGN_STYLE = Automatic;
				CURRENT_PROJECT_VERSION = 1;
				DEVELOPMENT_TEAM = T4W7695R5C;
				GENERATE_INFOPLIST_FILE = YES;
				INFOPLIST_FILE = Moolog/Info.plist;
				INFOPLIST_KEY_UIApplicationSupportsIndirectInputEvents = YES;
				INFOPLIST_KEY_UILaunchStoryboardName = LaunchScreen;
				INFOPLIST_KEY_UISupportedInterfaceOrientations = UIInterfaceOrientationPortrait;
				INFOPLIST_KEY_UISupportedInterfaceOrientations_iPad = UIInterfaceOrientationPortrait;
				IPHONEOS_DEPLOYMENT_TARGET = 15.0;
				LD_RUNPATH_SEARCH_PATHS = (
					"$(inherited)",
					"@executable_path/Frameworks",
				);
				MARKETING_VERSION = 1.0;
				PRODUCT_BUNDLE_IDENTIFIER = com.melongcity.Moolog;
				PRODUCT_NAME = "$(TARGET_NAME)";
				SUPPORTED_PLATFORMS = "iphoneos iphonesimulator";
				SUPPORTS_MACCATALYST = NO;
				SUPPORTS_MAC_DESIGNED_FOR_IPHONE_IPAD = NO;
				SUPPORTS_XR_DESIGNED_FOR_IPHONE_IPAD = NO;
				SWIFT_EMIT_LOC_STRINGS = YES;
				SWIFT_VERSION = 5.0;
				TARGETED_DEVICE_FAMILY = 1;
			};
			name = Release;
		};
/* End XCBuildConfiguration section */

/* Begin XCConfigurationList section */
		C9FBC34D2CB6574A00EBAE11 /* Build configuration list for PBXProject "Moolog" */ = {
			isa = XCConfigurationList;
			buildConfigurations = (
				C9FBC3642CB6574A00EBAE11 /* Debug */,
				C9FBC3652CB6574A00EBAE11 /* Release */,
			);
			defaultConfigurationIsVisible = 0;
			defaultConfigurationName = Release;
		};
		C9FBC3662CB6574A00EBAE11 /* Build configuration list for PBXNativeTarget "Moolog" */ = {
			isa = XCConfigurationList;
			buildConfigurations = (
				C9FBC3672CB6574A00EBAE11 /* Debug */,
				C9FBC3682CB6574A00EBAE11 /* Release */,
			);
			defaultConfigurationIsVisible = 0;
			defaultConfigurationName = Release;
		};
/* End XCConfigurationList section */

/* Begin XCRemoteSwiftPackageReference section */
		C9A2E9D22CB6B20200F99900 /* XCRemoteSwiftPackageReference "RxSwift" */ = {
			isa = XCRemoteSwiftPackageReference;
			repositoryURL = "https://github.com/ReactiveX/RxSwift.git";
			requirement = {
				kind = upToNextMajorVersion;
				minimumVersion = 6.8.0;
			};
		};
		C9A2E9D72CB6B26000F99900 /* XCRemoteSwiftPackageReference "RxDataSources" */ = {
			isa = XCRemoteSwiftPackageReference;
			repositoryURL = "https://github.com/RxSwiftCommunity/RxDataSources.git";
			requirement = {
				kind = upToNextMajorVersion;
				minimumVersion = 5.0.2;
			};
		};
		C9A2E9DC2CB6B2B800F99900 /* XCRemoteSwiftPackageReference "Kingfisher" */ = {
			isa = XCRemoteSwiftPackageReference;
			repositoryURL = "https://github.com/onevcat/Kingfisher.git";
			requirement = {
				kind = upToNextMajorVersion;
				minimumVersion = 8.0.3;
			};
		};
		C9A2E9DF2CB6B35900F99900 /* XCRemoteSwiftPackageReference "realm-swift" */ = {
			isa = XCRemoteSwiftPackageReference;
			repositoryURL = "https://github.com/realm/realm-swift.git";
			requirement = {
				kind = exactVersion;
				version = 10.54.0;
			};
		};
		C9A2E9E22CB6B3C200F99900 /* XCRemoteSwiftPackageReference "SnapKit" */ = {
			isa = XCRemoteSwiftPackageReference;
			repositoryURL = "https://github.com/SnapKit/SnapKit.git";
			requirement = {
				kind = upToNextMajorVersion;
				minimumVersion = 5.7.1;
			};
		};
		C9A2E9E52CB6B52400F99900 /* XCRemoteSwiftPackageReference "SwiftLint" */ = {
			isa = XCRemoteSwiftPackageReference;
			repositoryURL = "https://github.com/realm/SwiftLint.git";
			requirement = {
				kind = upToNextMajorVersion;
				minimumVersion = 0.57.0;
			};
		};
/* End XCRemoteSwiftPackageReference section */

/* Begin XCSwiftPackageProductDependency section */
		C9A2E9D32CB6B20200F99900 /* RxCocoa */ = {
			isa = XCSwiftPackageProductDependency;
			package = C9A2E9D22CB6B20200F99900 /* XCRemoteSwiftPackageReference "RxSwift" */;
			productName = RxCocoa;
		};
		C9A2E9D52CB6B20200F99900 /* RxSwift */ = {
			isa = XCSwiftPackageProductDependency;
			package = C9A2E9D22CB6B20200F99900 /* XCRemoteSwiftPackageReference "RxSwift" */;
			productName = RxSwift;
		};
		C9A2E9D82CB6B26000F99900 /* Differentiator */ = {
			isa = XCSwiftPackageProductDependency;
			package = C9A2E9D72CB6B26000F99900 /* XCRemoteSwiftPackageReference "RxDataSources" */;
			productName = Differentiator;
		};
		C9A2E9DA2CB6B26000F99900 /* RxDataSources */ = {
			isa = XCSwiftPackageProductDependency;
			package = C9A2E9D72CB6B26000F99900 /* XCRemoteSwiftPackageReference "RxDataSources" */;
			productName = RxDataSources;
		};
		C9A2E9DD2CB6B2B800F99900 /* Kingfisher */ = {
			isa = XCSwiftPackageProductDependency;
			package = C9A2E9DC2CB6B2B800F99900 /* XCRemoteSwiftPackageReference "Kingfisher" */;
			productName = Kingfisher;
		};
		C9A2E9E02CB6B35900F99900 /* RealmSwift */ = {
			isa = XCSwiftPackageProductDependency;
			package = C9A2E9DF2CB6B35900F99900 /* XCRemoteSwiftPackageReference "realm-swift" */;
			productName = RealmSwift;
		};
		C9A2E9E32CB6B3C200F99900 /* SnapKit */ = {
			isa = XCSwiftPackageProductDependency;
			package = C9A2E9E22CB6B3C200F99900 /* XCRemoteSwiftPackageReference "SnapKit" */;
			productName = SnapKit;
		};
		C9A2E9E62CB6B54900F99900 /* SwiftLintBuildToolPlugin */ = {
			isa = XCSwiftPackageProductDependency;
			package = C9A2E9E52CB6B52400F99900 /* XCRemoteSwiftPackageReference "SwiftLint" */;
			productName = "plugin:SwiftLintBuildToolPlugin";
		};
/* End XCSwiftPackageProductDependency section */
	};
	rootObject = C9FBC34A2CB6574A00EBAE11 /* Project object */;
}
