// !$*UTF8*$!
{
	archiveVersion = 1;
	classes = {
	};
	objectVersion = 56;
	objects = {

/* Begin PBXBuildFile section */
		A0221B072CB92E5B00FCFE9F /* FavoriteMovie.swift in Sources */ = {isa = PBXBuildFile; fileRef = A0221B062CB92E5B00FCFE9F /* FavoriteMovie.swift */; };
		A0221B092CB9330200FCFE9F /* RecentKeyword.swift in Sources */ = {isa = PBXBuildFile; fileRef = A0221B082CB9330200FCFE9F /* RecentKeyword.swift */; };
		A0221B0B2CB935B200FCFE9F /* FavoriteMovieRepository.swift in Sources */ = {isa = PBXBuildFile; fileRef = A0221B0A2CB935B200FCFE9F /* FavoriteMovieRepository.swift */; };
		A0221B0D2CBA285D00FCFE9F /* RecentKeywordRepository.swift in Sources */ = {isa = PBXBuildFile; fileRef = A0221B0C2CBA285D00FCFE9F /* RecentKeywordRepository.swift */; };
		A0221B102CBA792900FCFE9F /* FileStorage.swift in Sources */ = {isa = PBXBuildFile; fileRef = A0221B0F2CBA792900FCFE9F /* FileStorage.swift */; };
		C084CD942CB7F39500EC59C2 /* ImageButton.swift in Sources */ = {isa = PBXBuildFile; fileRef = C084CD932CB7F39500EC59C2 /* ImageButton.swift */; };
		C0925C062CB90688007EF2D5 /* URLConstants.swift in Sources */ = {isa = PBXBuildFile; fileRef = C0925C052CB90688007EF2D5 /* URLConstants.swift */; };
		C0925C0E2CB93737007EF2D5 /* Header.swift in Sources */ = {isa = PBXBuildFile; fileRef = C0925C0D2CB93737007EF2D5 /* Header.swift */; };
		C0925C102CB93825007EF2D5 /* Router.swift in Sources */ = {isa = PBXBuildFile; fileRef = C0925C0F2CB93825007EF2D5 /* Router.swift */; };
		C0925C122CB93953007EF2D5 /* NetworkManager.swift in Sources */ = {isa = PBXBuildFile; fileRef = C0925C112CB93953007EF2D5 /* NetworkManager.swift */; };
		C0925C152CB954EF007EF2D5 /* TrendingMovieResponse.swift in Sources */ = {isa = PBXBuildFile; fileRef = C0925C142CB954EF007EF2D5 /* TrendingMovieResponse.swift */; };
		C0925C172CB95645007EF2D5 /* TrendingTVResponse.swift in Sources */ = {isa = PBXBuildFile; fileRef = C0925C162CB95645007EF2D5 /* TrendingTVResponse.swift */; };
		C0925C192CB956E5007EF2D5 /* SearchResponse.swift in Sources */ = {isa = PBXBuildFile; fileRef = C0925C182CB956E5007EF2D5 /* SearchResponse.swift */; };
		C0925C1B2CB957C9007EF2D5 /* CreditsResponse.swift in Sources */ = {isa = PBXBuildFile; fileRef = C0925C1A2CB957C9007EF2D5 /* CreditsResponse.swift */; };
		C0925C1D2CB95866007EF2D5 /* SimilarMovieResponse.swift in Sources */ = {isa = PBXBuildFile; fileRef = C0925C1C2CB95866007EF2D5 /* SimilarMovieResponse.swift */; };
		C0925C1F2CB95987007EF2D5 /* MovieDetailResponse.swift in Sources */ = {isa = PBXBuildFile; fileRef = C0925C1E2CB95987007EF2D5 /* MovieDetailResponse.swift */; };
		C0C34E2A2CB7B65100299564 /* UIFont+.swift in Sources */ = {isa = PBXBuildFile; fileRef = C0C34E292CB7B65100299564 /* UIFont+.swift */; };
		C0C34E2E2CB7B6B400299564 /* Pretendard-Medium.otf in Resources */ = {isa = PBXBuildFile; fileRef = C0C34E2C2CB7B6B300299564 /* Pretendard-Medium.otf */; };
		C0C34E2F2CB7B6B400299564 /* Pretendard-Bold.otf in Resources */ = {isa = PBXBuildFile; fileRef = C0C34E2D2CB7B6B400299564 /* Pretendard-Bold.otf */; };
		C0C34E312CB7BDF800299564 /* Constant.swift in Sources */ = {isa = PBXBuildFile; fileRef = C0C34E302CB7BDF800299564 /* Constant.swift */; };
		C0C34E332CB7E63E00299564 /* BaseViewController.swift in Sources */ = {isa = PBXBuildFile; fileRef = C0C34E322CB7E63E00299564 /* BaseViewController.swift */; };
		C0C34E352CB7E88A00299564 /* BaseNavigationViewController.swift in Sources */ = {isa = PBXBuildFile; fileRef = C0C34E342CB7E88A00299564 /* BaseNavigationViewController.swift */; };
		C0C34E372CB7E94B00299564 /* BaseTableViewCell.swift in Sources */ = {isa = PBXBuildFile; fileRef = C0C34E362CB7E94B00299564 /* BaseTableViewCell.swift */; };
		C0C34E392CB7E9CC00299564 /* BaseCollectionViewCell.swift in Sources */ = {isa = PBXBuildFile; fileRef = C0C34E382CB7E9CC00299564 /* BaseCollectionViewCell.swift */; };
		C0C34E3B2CB7EC7C00299564 /* TabBarController.swift in Sources */ = {isa = PBXBuildFile; fileRef = C0C34E3A2CB7EC7C00299564 /* TabBarController.swift */; };
		C98CD6F12CB81EAB005361D5 /* TargetType.swift in Sources */ = {isa = PBXBuildFile; fileRef = C98CD6F02CB81EAB005361D5 /* TargetType.swift */; };
		C98CD6F32CB81FC4005361D5 /* HTTPMethod.swift in Sources */ = {isa = PBXBuildFile; fileRef = C98CD6F22CB81FC4005361D5 /* HTTPMethod.swift */; };
		C9A2E9D42CB6B20200F99900 /* RxCocoa in Frameworks */ = {isa = PBXBuildFile; productRef = C9A2E9D32CB6B20200F99900 /* RxCocoa */; };
		C9A2E9D62CB6B20200F99900 /* RxSwift in Frameworks */ = {isa = PBXBuildFile; productRef = C9A2E9D52CB6B20200F99900 /* RxSwift */; };
		C9A2E9D92CB6B26000F99900 /* Differentiator in Frameworks */ = {isa = PBXBuildFile; productRef = C9A2E9D82CB6B26000F99900 /* Differentiator */; };
		C9A2E9DB2CB6B26000F99900 /* RxDataSources in Frameworks */ = {isa = PBXBuildFile; productRef = C9A2E9DA2CB6B26000F99900 /* RxDataSources */; };
		C9A2E9DE2CB6B2B800F99900 /* Kingfisher in Frameworks */ = {isa = PBXBuildFile; productRef = C9A2E9DD2CB6B2B800F99900 /* Kingfisher */; };
		C9A2E9E12CB6B35900F99900 /* RealmSwift in Frameworks */ = {isa = PBXBuildFile; productRef = C9A2E9E02CB6B35900F99900 /* RealmSwift */; };
		C9A2E9E42CB6B3C200F99900 /* SnapKit in Frameworks */ = {isa = PBXBuildFile; productRef = C9A2E9E32CB6B3C200F99900 /* SnapKit */; };
		C9A2E9E92CB6BE6500F99900 /* .swiftlint.yml in Resources */ = {isa = PBXBuildFile; fileRef = C9A2E9E82CB6BE6500F99900 /* .swiftlint.yml */; };
		C9A2E9F42CB6C2DC00F99900 /* EnumEmptyFile in Resources */ = {isa = PBXBuildFile; fileRef = C9A2E9F32CB6C2DC00F99900 /* EnumEmptyFile */; };
		C9A2E9FD2CB6C36D00F99900 /* ModelEmptyFile in Resources */ = {isa = PBXBuildFile; fileRef = C9A2E9FC2CB6C36D00F99900 /* ModelEmptyFile */; };
		C9A2EA0A2CB6C49700F99900 /* MediaViewModel in Resources */ = {isa = PBXBuildFile; fileRef = C9A2EA092CB6C49700F99900 /* MediaViewModel */; };
		C9A2EA0D2CB6C4A900F99900 /* MediaController in Resources */ = {isa = PBXBuildFile; fileRef = C9A2EA0C2CB6C4A900F99900 /* MediaController */; };
		C9A2EA102CB6C4B300F99900 /* MediaCell in Resources */ = {isa = PBXBuildFile; fileRef = C9A2EA0F2CB6C4B300F99900 /* MediaCell */; };
		C9A2EA152CB6C4E800F99900 /* SearchViewModel in Resources */ = {isa = PBXBuildFile; fileRef = C9A2EA142CB6C4E800F99900 /* SearchViewModel */; };
		C9A2EA192CB6C4FC00F99900 /* SearchCell in Resources */ = {isa = PBXBuildFile; fileRef = C9A2EA182CB6C4FC00F99900 /* SearchCell */; };
		C9A2EA1C2CB6C50A00F99900 /* SearchController in Resources */ = {isa = PBXBuildFile; fileRef = C9A2EA1B2CB6C50A00F99900 /* SearchController */; };
		C9A2EA202CB6C52A00F99900 /* FavViewModel in Resources */ = {isa = PBXBuildFile; fileRef = C9A2EA1F2CB6C52A00F99900 /* FavViewModel */; };
		C9A2EA242CB6C56000F99900 /* FavoriteController in Resources */ = {isa = PBXBuildFile; fileRef = C9A2EA232CB6C56000F99900 /* FavoriteController */; };
		C9A2EA272CB6C58F00F99900 /* FavoriteCell in Resources */ = {isa = PBXBuildFile; fileRef = C9A2EA262CB6C58F00F99900 /* FavoriteCell */; };
		C9A2EA2B2CB6C5CD00F99900 /* TrendVM in Resources */ = {isa = PBXBuildFile; fileRef = C9A2EA2A2CB6C5CD00F99900 /* TrendVM */; };
		C9A2EA302CB6C5E800F99900 /* TrendEmptyController in Resources */ = {isa = PBXBuildFile; fileRef = C9A2EA2F2CB6C5E800F99900 /* TrendEmptyController */; };
		C9A2EA342CB6C60500F99900 /* TrendEmptyCell in Resources */ = {isa = PBXBuildFile; fileRef = C9A2EA332CB6C60500F99900 /* TrendEmptyCell */; };
		C9DC487D2CB7517A0073F3C3 /* ViewModelType.swift in Sources */ = {isa = PBXBuildFile; fileRef = C9DC487C2CB7517A0073F3C3 /* ViewModelType.swift */; };
		C9FBC3562CB6574A00EBAE11 /* AppDelegate.swift in Sources */ = {isa = PBXBuildFile; fileRef = C9FBC3552CB6574A00EBAE11 /* AppDelegate.swift */; };
		C9FBC3582CB6574A00EBAE11 /* SceneDelegate.swift in Sources */ = {isa = PBXBuildFile; fileRef = C9FBC3572CB6574A00EBAE11 /* SceneDelegate.swift */; };
		C9FBC35A2CB6574A00EBAE11 /* ViewController.swift in Sources */ = {isa = PBXBuildFile; fileRef = C9FBC3592CB6574A00EBAE11 /* ViewController.swift */; };
		C9FBC35F2CB6574A00EBAE11 /* Assets.xcassets in Resources */ = {isa = PBXBuildFile; fileRef = C9FBC35E2CB6574A00EBAE11 /* Assets.xcassets */; };
		C9FBC3622CB6574A00EBAE11 /* Base in Resources */ = {isa = PBXBuildFile; fileRef = C9FBC3612CB6574A00EBAE11 /* Base */; };
/* End PBXBuildFile section */

/* Begin PBXFileReference section */
		A0221B062CB92E5B00FCFE9F /* FavoriteMovie.swift */ = {isa = PBXFileReference; lastKnownFileType = sourcecode.swift; path = FavoriteMovie.swift; sourceTree = "<group>"; };
		A0221B082CB9330200FCFE9F /* RecentKeyword.swift */ = {isa = PBXFileReference; lastKnownFileType = sourcecode.swift; path = RecentKeyword.swift; sourceTree = "<group>"; };
		A0221B0A2CB935B200FCFE9F /* FavoriteMovieRepository.swift */ = {isa = PBXFileReference; lastKnownFileType = sourcecode.swift; path = FavoriteMovieRepository.swift; sourceTree = "<group>"; };
		A0221B0C2CBA285D00FCFE9F /* RecentKeywordRepository.swift */ = {isa = PBXFileReference; lastKnownFileType = sourcecode.swift; path = RecentKeywordRepository.swift; sourceTree = "<group>"; };
		A0221B0F2CBA792900FCFE9F /* FileStorage.swift */ = {isa = PBXFileReference; lastKnownFileType = sourcecode.swift; path = FileStorage.swift; sourceTree = "<group>"; };
		C084CD932CB7F39500EC59C2 /* ImageButton.swift */ = {isa = PBXFileReference; lastKnownFileType = sourcecode.swift; path = ImageButton.swift; sourceTree = "<group>"; };
		C0925C042CB902A5007EF2D5 /* Secrets.xcconfig */ = {isa = PBXFileReference; lastKnownFileType = text.xcconfig; path = Secrets.xcconfig; sourceTree = "<group>"; };
		C0925C052CB90688007EF2D5 /* URLConstants.swift */ = {isa = PBXFileReference; lastKnownFileType = sourcecode.swift; path = URLConstants.swift; sourceTree = "<group>"; };
		C0925C0D2CB93737007EF2D5 /* Header.swift */ = {isa = PBXFileReference; lastKnownFileType = sourcecode.swift; path = Header.swift; sourceTree = "<group>"; };
		C0925C0F2CB93825007EF2D5 /* Router.swift */ = {isa = PBXFileReference; lastKnownFileType = sourcecode.swift; path = Router.swift; sourceTree = "<group>"; };
		C0925C112CB93953007EF2D5 /* NetworkManager.swift */ = {isa = PBXFileReference; lastKnownFileType = sourcecode.swift; path = NetworkManager.swift; sourceTree = "<group>"; };
		C0925C142CB954EF007EF2D5 /* TrendingMovieResponse.swift */ = {isa = PBXFileReference; lastKnownFileType = sourcecode.swift; path = TrendingMovieResponse.swift; sourceTree = "<group>"; };
		C0925C162CB95645007EF2D5 /* TrendingTVResponse.swift */ = {isa = PBXFileReference; lastKnownFileType = sourcecode.swift; path = TrendingTVResponse.swift; sourceTree = "<group>"; };
		C0925C182CB956E5007EF2D5 /* SearchResponse.swift */ = {isa = PBXFileReference; lastKnownFileType = sourcecode.swift; path = SearchResponse.swift; sourceTree = "<group>"; };
		C0925C1A2CB957C9007EF2D5 /* CreditsResponse.swift */ = {isa = PBXFileReference; lastKnownFileType = sourcecode.swift; path = CreditsResponse.swift; sourceTree = "<group>"; };
		C0925C1C2CB95866007EF2D5 /* SimilarMovieResponse.swift */ = {isa = PBXFileReference; lastKnownFileType = sourcecode.swift; path = SimilarMovieResponse.swift; sourceTree = "<group>"; };
		C0925C1E2CB95987007EF2D5 /* MovieDetailResponse.swift */ = {isa = PBXFileReference; lastKnownFileType = sourcecode.swift; path = MovieDetailResponse.swift; sourceTree = "<group>"; };
		C0C34E292CB7B65100299564 /* UIFont+.swift */ = {isa = PBXFileReference; lastKnownFileType = sourcecode.swift; path = "UIFont+.swift"; sourceTree = "<group>"; };
		C0C34E2C2CB7B6B300299564 /* Pretendard-Medium.otf */ = {isa = PBXFileReference; lastKnownFileType = file; path = "Pretendard-Medium.otf"; sourceTree = "<group>"; };
		C0C34E2D2CB7B6B400299564 /* Pretendard-Bold.otf */ = {isa = PBXFileReference; lastKnownFileType = file; path = "Pretendard-Bold.otf"; sourceTree = "<group>"; };
		C0C34E302CB7BDF800299564 /* Constant.swift */ = {isa = PBXFileReference; lastKnownFileType = sourcecode.swift; path = Constant.swift; sourceTree = "<group>"; };
		C0C34E322CB7E63E00299564 /* BaseViewController.swift */ = {isa = PBXFileReference; lastKnownFileType = sourcecode.swift; path = BaseViewController.swift; sourceTree = "<group>"; };
		C0C34E342CB7E88A00299564 /* BaseNavigationViewController.swift */ = {isa = PBXFileReference; lastKnownFileType = sourcecode.swift; path = BaseNavigationViewController.swift; sourceTree = "<group>"; };
		C0C34E362CB7E94B00299564 /* BaseTableViewCell.swift */ = {isa = PBXFileReference; lastKnownFileType = sourcecode.swift; path = BaseTableViewCell.swift; sourceTree = "<group>"; };
		C0C34E382CB7E9CC00299564 /* BaseCollectionViewCell.swift */ = {isa = PBXFileReference; lastKnownFileType = sourcecode.swift; path = BaseCollectionViewCell.swift; sourceTree = "<group>"; };
		C0C34E3A2CB7EC7C00299564 /* TabBarController.swift */ = {isa = PBXFileReference; lastKnownFileType = sourcecode.swift; path = TabBarController.swift; sourceTree = "<group>"; };
		C98CD6F02CB81EAB005361D5 /* TargetType.swift */ = {isa = PBXFileReference; lastKnownFileType = sourcecode.swift; path = TargetType.swift; sourceTree = "<group>"; };
		C98CD6F22CB81FC4005361D5 /* HTTPMethod.swift */ = {isa = PBXFileReference; lastKnownFileType = sourcecode.swift; path = HTTPMethod.swift; sourceTree = "<group>"; };
		C9A2E9E82CB6BE6500F99900 /* .swiftlint.yml */ = {isa = PBXFileReference; fileEncoding = 4; lastKnownFileType = text.yaml; path = .swiftlint.yml; sourceTree = "<group>"; };
		C9A2E9F32CB6C2DC00F99900 /* EnumEmptyFile */ = {isa = PBXFileReference; lastKnownFileType = text; path = EnumEmptyFile; sourceTree = "<group>"; };
		C9A2E9FC2CB6C36D00F99900 /* ModelEmptyFile */ = {isa = PBXFileReference; lastKnownFileType = text; path = ModelEmptyFile; sourceTree = "<group>"; };
		C9A2EA092CB6C49700F99900 /* MediaViewModel */ = {isa = PBXFileReference; lastKnownFileType = text; path = MediaViewModel; sourceTree = "<group>"; };
		C9A2EA0C2CB6C4A900F99900 /* MediaController */ = {isa = PBXFileReference; lastKnownFileType = text; path = MediaController; sourceTree = "<group>"; };
		C9A2EA0F2CB6C4B300F99900 /* MediaCell */ = {isa = PBXFileReference; lastKnownFileType = text; path = MediaCell; sourceTree = "<group>"; };
		C9A2EA142CB6C4E800F99900 /* SearchViewModel */ = {isa = PBXFileReference; lastKnownFileType = text; path = SearchViewModel; sourceTree = "<group>"; };
		C9A2EA182CB6C4FC00F99900 /* SearchCell */ = {isa = PBXFileReference; lastKnownFileType = text; path = SearchCell; sourceTree = "<group>"; };
		C9A2EA1B2CB6C50A00F99900 /* SearchController */ = {isa = PBXFileReference; lastKnownFileType = text; path = SearchController; sourceTree = "<group>"; };
		C9A2EA1F2CB6C52A00F99900 /* FavViewModel */ = {isa = PBXFileReference; lastKnownFileType = text; path = FavViewModel; sourceTree = "<group>"; };
		C9A2EA232CB6C56000F99900 /* FavoriteController */ = {isa = PBXFileReference; lastKnownFileType = text; path = FavoriteController; sourceTree = "<group>"; };
		C9A2EA262CB6C58F00F99900 /* FavoriteCell */ = {isa = PBXFileReference; lastKnownFileType = text; path = FavoriteCell; sourceTree = "<group>"; };
		C9A2EA2A2CB6C5CD00F99900 /* TrendVM */ = {isa = PBXFileReference; lastKnownFileType = text; path = TrendVM; sourceTree = "<group>"; };
		C9A2EA2F2CB6C5E800F99900 /* TrendEmptyController */ = {isa = PBXFileReference; lastKnownFileType = text; path = TrendEmptyController; sourceTree = "<group>"; };
		C9A2EA332CB6C60500F99900 /* TrendEmptyCell */ = {isa = PBXFileReference; lastKnownFileType = text; path = TrendEmptyCell; sourceTree = "<group>"; };
		C9DC487C2CB7517A0073F3C3 /* ViewModelType.swift */ = {isa = PBXFileReference; lastKnownFileType = sourcecode.swift; path = ViewModelType.swift; sourceTree = "<group>"; };
		C9FBC3522CB6574A00EBAE11 /* Moolog.app */ = {isa = PBXFileReference; explicitFileType = wrapper.application; includeInIndex = 0; path = Moolog.app; sourceTree = BUILT_PRODUCTS_DIR; };
		C9FBC3552CB6574A00EBAE11 /* AppDelegate.swift */ = {isa = PBXFileReference; lastKnownFileType = sourcecode.swift; path = AppDelegate.swift; sourceTree = "<group>"; };
		C9FBC3572CB6574A00EBAE11 /* SceneDelegate.swift */ = {isa = PBXFileReference; lastKnownFileType = sourcecode.swift; path = SceneDelegate.swift; sourceTree = "<group>"; };
		C9FBC3592CB6574A00EBAE11 /* ViewController.swift */ = {isa = PBXFileReference; lastKnownFileType = sourcecode.swift; path = ViewController.swift; sourceTree = "<group>"; };
		C9FBC35E2CB6574A00EBAE11 /* Assets.xcassets */ = {isa = PBXFileReference; lastKnownFileType = folder.assetcatalog; path = Assets.xcassets; sourceTree = "<group>"; };
		C9FBC3612CB6574A00EBAE11 /* Base */ = {isa = PBXFileReference; lastKnownFileType = file.storyboard; name = Base; path = Base.lproj/LaunchScreen.storyboard; sourceTree = "<group>"; };
		C9FBC3632CB6574A00EBAE11 /* Info.plist */ = {isa = PBXFileReference; lastKnownFileType = text.plist.xml; path = Info.plist; sourceTree = "<group>"; };
/* End PBXFileReference section */

/* Begin PBXFrameworksBuildPhase section */
		C9FBC34F2CB6574A00EBAE11 /* Frameworks */ = {
			isa = PBXFrameworksBuildPhase;
			buildActionMask = 2147483647;
			files = (
				C9A2E9E12CB6B35900F99900 /* RealmSwift in Frameworks */,
				C9A2E9D62CB6B20200F99900 /* RxSwift in Frameworks */,
				C9A2E9DB2CB6B26000F99900 /* RxDataSources in Frameworks */,
				C9A2E9E42CB6B3C200F99900 /* SnapKit in Frameworks */,
				C9A2E9D92CB6B26000F99900 /* Differentiator in Frameworks */,
				C9A2E9D42CB6B20200F99900 /* RxCocoa in Frameworks */,
				C9A2E9DE2CB6B2B800F99900 /* Kingfisher in Frameworks */,
			);
			runOnlyForDeploymentPostprocessing = 0;
		};
/* End PBXFrameworksBuildPhase section */

/* Begin PBXGroup section */

		A0221B052CB917B800FCFE9F /* DB */ = {
			isa = PBXGroup;
			children = (
				A0221B062CB92E5B00FCFE9F /* FavoriteMovie.swift */,
				A0221B082CB9330200FCFE9F /* RecentKeyword.swift */,
				A0221B0A2CB935B200FCFE9F /* FavoriteMovieRepository.swift */,
				A0221B0C2CBA285D00FCFE9F /* RecentKeywordRepository.swift */,
			);
			path = DB;
			sourceTree = "<group>";
		};
		A0221B0E2CBA790C00FCFE9F /* FileStorage */ = {
			isa = PBXGroup;
			children = (
				A0221B0F2CBA792900FCFE9F /* FileStorage.swift */,
			);
			path = FileStorage;

		C0925C132CB94A2E007EF2D5 /* Response */ = {
			isa = PBXGroup;
			children = (
				C0925C142CB954EF007EF2D5 /* TrendingMovieResponse.swift */,
				C0925C162CB95645007EF2D5 /* TrendingTVResponse.swift */,
				C0925C182CB956E5007EF2D5 /* SearchResponse.swift */,
				C0925C1A2CB957C9007EF2D5 /* CreditsResponse.swift */,
				C0925C1C2CB95866007EF2D5 /* SimilarMovieResponse.swift */,
				C0925C1E2CB95987007EF2D5 /* MovieDetailResponse.swift */,
			);
			path = Response;

			sourceTree = "<group>";
		};
		C0C34E2B2CB7B68600299564 /* Font */ = {
			isa = PBXGroup;
			children = (
				C0C34E2D2CB7B6B400299564 /* Pretendard-Bold.otf */,
				C0C34E2C2CB7B6B300299564 /* Pretendard-Medium.otf */,
			);
			path = Font;
			sourceTree = "<group>";
		};
		C9A2E9EA2CB6C20600F99900 /* Resources */ = {
			isa = PBXGroup;
			children = (
				C0C34E2B2CB7B68600299564 /* Font */,
				C9FBC35E2CB6574A00EBAE11 /* Assets.xcassets */,
				C9FBC3602CB6574A00EBAE11 /* LaunchScreen.storyboard */,
				C9FBC3632CB6574A00EBAE11 /* Info.plist */,
				C0925C042CB902A5007EF2D5 /* Secrets.xcconfig */,
			);
			path = Resources;
			sourceTree = "<group>";
		};
		C9A2E9EB2CB6C20F00F99900 /* Utils */ = {
			isa = PBXGroup;
			children = (
				C9A2E9EE2CB6C25300F99900 /* App */,
				C9A2EA012CB6C39C00F99900 /* Base */,
				C9A2E9EF2CB6C2AE00F99900 /* Constant */,
				C9A2EA352CB6C61E00F99900 /* CustomView */,
				C9A2E9F22CB6C2C800F99900 /* Enum */,
				C9A2E9F82CB6C32400F99900 /* Extension+ */,
				A0221B0E2CBA790C00FCFE9F /* FileStorage */,
				C9A2E9FB2CB6C35F00F99900 /* Model */,
				C9A2E9F52CB6C2E300F99900 /* Protocol */,
			);
			path = Utils;
			sourceTree = "<group>";
		};
		C9A2E9EC2CB6C21400F99900 /* Network */ = {
			isa = PBXGroup;
			children = (
				C0925C132CB94A2E007EF2D5 /* Response */,
				C98CD6F02CB81EAB005361D5 /* TargetType.swift */,
				C98CD6F22CB81FC4005361D5 /* HTTPMethod.swift */,
				C0925C052CB90688007EF2D5 /* URLConstants.swift */,
				C0925C0D2CB93737007EF2D5 /* Header.swift */,
				C0925C0F2CB93825007EF2D5 /* Router.swift */,
				C0925C112CB93953007EF2D5 /* NetworkManager.swift */,
			);
			path = Network;
			sourceTree = "<group>";
		};
		C9A2E9ED2CB6C21B00F99900 /* Scene */ = {
			isa = PBXGroup;
			children = (
				C9A2EA282CB6C59500F99900 /* Trend */,
				C9A2EA1D2CB6C51600F99900 /* Favorite */,
				C9A2EA112CB6C4C500F99900 /* Search */,
				C9A2EA062CB6C3D800F99900 /* MediaDetail */,
				C9A2EA002CB6C38B00F99900 /* Tab */,
			);
			path = Scene;
			sourceTree = "<group>";
		};
		C9A2E9EE2CB6C25300F99900 /* App */ = {
			isa = PBXGroup;
			children = (
				C9FBC3552CB6574A00EBAE11 /* AppDelegate.swift */,
				C9FBC3572CB6574A00EBAE11 /* SceneDelegate.swift */,
			);
			path = App;
			sourceTree = "<group>";
		};
		C9A2E9EF2CB6C2AE00F99900 /* Constant */ = {
			isa = PBXGroup;
			children = (
				C0C34E302CB7BDF800299564 /* Constant.swift */,
			);
			path = Constant;
			sourceTree = "<group>";
		};
		C9A2E9F22CB6C2C800F99900 /* Enum */ = {
			isa = PBXGroup;
			children = (
				C9A2E9F32CB6C2DC00F99900 /* EnumEmptyFile */,
			);
			path = Enum;
			sourceTree = "<group>";
		};
		C9A2E9F52CB6C2E300F99900 /* Protocol */ = {
			isa = PBXGroup;
			children = (
				C9DC487C2CB7517A0073F3C3 /* ViewModelType.swift */,
			);
			path = Protocol;
			sourceTree = "<group>";
		};
		C9A2E9F82CB6C32400F99900 /* Extension+ */ = {
			isa = PBXGroup;
			children = (
				C0C34E292CB7B65100299564 /* UIFont+.swift */,
			);
			path = "Extension+";
			sourceTree = "<group>";
		};
		C9A2E9FB2CB6C35F00F99900 /* Model */ = {
			isa = PBXGroup;
			children = (
				C9A2E9FC2CB6C36D00F99900 /* ModelEmptyFile */,
			);
			path = Model;
			sourceTree = "<group>";
		};
		C9A2EA002CB6C38B00F99900 /* Tab */ = {
			isa = PBXGroup;
			children = (
				C0C34E3A2CB7EC7C00299564 /* TabBarController.swift */,
			);
			path = Tab;
			sourceTree = "<group>";
		};
		C9A2EA012CB6C39C00F99900 /* Base */ = {
			isa = PBXGroup;
			children = (
				C0C34E322CB7E63E00299564 /* BaseViewController.swift */,
				C0C34E382CB7E9CC00299564 /* BaseCollectionViewCell.swift */,
				C0C34E342CB7E88A00299564 /* BaseNavigationViewController.swift */,
				C0C34E362CB7E94B00299564 /* BaseTableViewCell.swift */,
			);
			path = Base;
			sourceTree = "<group>";
		};
		C9A2EA062CB6C3D800F99900 /* MediaDetail */ = {
			isa = PBXGroup;
			children = (
				C9A2EA072CB6C47700F99900 /* View */,
				C9A2EA082CB6C48900F99900 /* ViewModel */,
			);
			path = MediaDetail;
			sourceTree = "<group>";
		};
		C9A2EA072CB6C47700F99900 /* View */ = {
			isa = PBXGroup;
			children = (
				C9A2EA0E2CB6C4AD00F99900 /* Cell */,
				C9A2EA0B2CB6C49A00F99900 /* Controller */,
			);
			path = View;
			sourceTree = "<group>";
		};
		C9A2EA082CB6C48900F99900 /* ViewModel */ = {
			isa = PBXGroup;
			children = (
				C9A2EA092CB6C49700F99900 /* MediaViewModel */,
			);
			path = ViewModel;
			sourceTree = "<group>";
		};
		C9A2EA0B2CB6C49A00F99900 /* Controller */ = {
			isa = PBXGroup;
			children = (
				C9A2EA0C2CB6C4A900F99900 /* MediaController */,
			);
			path = Controller;
			sourceTree = "<group>";
		};
		C9A2EA0E2CB6C4AD00F99900 /* Cell */ = {
			isa = PBXGroup;
			children = (
				C9A2EA0F2CB6C4B300F99900 /* MediaCell */,
			);
			path = Cell;
			sourceTree = "<group>";
		};
		C9A2EA112CB6C4C500F99900 /* Search */ = {
			isa = PBXGroup;
			children = (
				C9A2EA162CB6C4ED00F99900 /* View */,
				C9A2EA132CB6C4DC00F99900 /* ViewModel */,
			);
			path = Search;
			sourceTree = "<group>";
		};
		C9A2EA132CB6C4DC00F99900 /* ViewModel */ = {
			isa = PBXGroup;
			children = (
				C9A2EA142CB6C4E800F99900 /* SearchViewModel */,
			);
			path = ViewModel;
			sourceTree = "<group>";
		};
		C9A2EA162CB6C4ED00F99900 /* View */ = {
			isa = PBXGroup;
			children = (
				C9A2EA172CB6C4F300F99900 /* Cell */,
				C9A2EA1A2CB6C50300F99900 /* Controller */,
			);
			path = View;
			sourceTree = "<group>";
		};
		C9A2EA172CB6C4F300F99900 /* Cell */ = {
			isa = PBXGroup;
			children = (
				C9A2EA182CB6C4FC00F99900 /* SearchCell */,
			);
			path = Cell;
			sourceTree = "<group>";
		};
		C9A2EA1A2CB6C50300F99900 /* Controller */ = {
			isa = PBXGroup;
			children = (
				C9A2EA1B2CB6C50A00F99900 /* SearchController */,
			);
			path = Controller;
			sourceTree = "<group>";
		};
		C9A2EA1D2CB6C51600F99900 /* Favorite */ = {
			isa = PBXGroup;
			children = (
				C9A2EA212CB6C53400F99900 /* View */,
				C9A2EA1E2CB6C52000F99900 /* ViewModel */,
			);
			path = Favorite;
			sourceTree = "<group>";
		};
		C9A2EA1E2CB6C52000F99900 /* ViewModel */ = {
			isa = PBXGroup;
			children = (
				C9A2EA1F2CB6C52A00F99900 /* FavViewModel */,
			);
			path = ViewModel;
			sourceTree = "<group>";
		};
		C9A2EA212CB6C53400F99900 /* View */ = {
			isa = PBXGroup;
			children = (
				C9A2EA252CB6C58900F99900 /* Cell */,
				C9A2EA222CB6C55700F99900 /* Controller */,
			);
			path = View;
			sourceTree = "<group>";
		};
		C9A2EA222CB6C55700F99900 /* Controller */ = {
			isa = PBXGroup;
			children = (
				C9A2EA232CB6C56000F99900 /* FavoriteController */,
			);
			path = Controller;
			sourceTree = "<group>";
		};
		C9A2EA252CB6C58900F99900 /* Cell */ = {
			isa = PBXGroup;
			children = (
				C9A2EA262CB6C58F00F99900 /* FavoriteCell */,
			);
			path = Cell;
			sourceTree = "<group>";
		};
		C9A2EA282CB6C59500F99900 /* Trend */ = {
			isa = PBXGroup;
			children = (
				C9A2EA2C2CB6C5D200F99900 /* View */,
				C9A2EA292CB6C5C200F99900 /* ViewModel */,
			);
			path = Trend;
			sourceTree = "<group>";
		};
		C9A2EA292CB6C5C200F99900 /* ViewModel */ = {
			isa = PBXGroup;
			children = (
				C9A2EA2A2CB6C5CD00F99900 /* TrendVM */,
			);
			path = ViewModel;
			sourceTree = "<group>";
		};
		C9A2EA2C2CB6C5D200F99900 /* View */ = {
			isa = PBXGroup;
			children = (
				C9A2EA312CB6C5F300F99900 /* Cell */,
				C9A2EA2D2CB6C5D700F99900 /* Controller */,
			);
			path = View;
			sourceTree = "<group>";
		};
		C9A2EA2D2CB6C5D700F99900 /* Controller */ = {
			isa = PBXGroup;
			children = (
				C9A2EA2F2CB6C5E800F99900 /* TrendEmptyController */,
			);
			path = Controller;
			sourceTree = "<group>";
		};
		C9A2EA312CB6C5F300F99900 /* Cell */ = {
			isa = PBXGroup;
			children = (
				C9A2EA332CB6C60500F99900 /* TrendEmptyCell */,
			);
			path = Cell;
			sourceTree = "<group>";
		};
		C9A2EA352CB6C61E00F99900 /* CustomView */ = {
			isa = PBXGroup;
			children = (
				C084CD932CB7F39500EC59C2 /* ImageButton.swift */,
			);
			path = CustomView;
			sourceTree = "<group>";
		};
		C9FBC3492CB6574A00EBAE11 = {
			isa = PBXGroup;
			children = (
				C9A2E9E82CB6BE6500F99900 /* .swiftlint.yml */,
				C9FBC3542CB6574A00EBAE11 /* Moolog */,
				C9FBC3532CB6574A00EBAE11 /* Products */,
			);
			sourceTree = "<group>";
		};
		C9FBC3532CB6574A00EBAE11 /* Products */ = {
			isa = PBXGroup;
			children = (
				C9FBC3522CB6574A00EBAE11 /* Moolog.app */,
			);
			name = Products;
			sourceTree = "<group>";
		};
		C9FBC3542CB6574A00EBAE11 /* Moolog */ = {
			isa = PBXGroup;
			children = (
				C9A2E9ED2CB6C21B00F99900 /* Scene */,
				C9A2E9EC2CB6C21400F99900 /* Network */,
				A0221B052CB917B800FCFE9F /* DB */,
				C9A2E9EB2CB6C20F00F99900 /* Utils */,
				C9A2E9EA2CB6C20600F99900 /* Resources */,
				C9FBC3592CB6574A00EBAE11 /* ViewController.swift */,
			);
			path = Moolog;
			sourceTree = "<group>";
		};
/* End PBXGroup section */

/* Begin PBXNativeTarget section */
		C9FBC3512CB6574A00EBAE11 /* Moolog */ = {
			isa = PBXNativeTarget;
			buildConfigurationList = C9FBC3662CB6574A00EBAE11 /* Build configuration list for PBXNativeTarget "Moolog" */;
			buildPhases = (
				C9FBC34E2CB6574A00EBAE11 /* Sources */,
				C9FBC34F2CB6574A00EBAE11 /* Frameworks */,
				C9FBC3502CB6574A00EBAE11 /* Resources */,
			);
			buildRules = (
			);
			dependencies = (
				C9A2E9E72CB6B54900F99900 /* PBXTargetDependency */,
			);
			name = Moolog;
			packageProductDependencies = (
				C9A2E9D32CB6B20200F99900 /* RxCocoa */,
				C9A2E9D52CB6B20200F99900 /* RxSwift */,
				C9A2E9D82CB6B26000F99900 /* Differentiator */,
				C9A2E9DA2CB6B26000F99900 /* RxDataSources */,
				C9A2E9DD2CB6B2B800F99900 /* Kingfisher */,
				C9A2E9E02CB6B35900F99900 /* RealmSwift */,
				C9A2E9E32CB6B3C200F99900 /* SnapKit */,
			);
			productName = Moolog;
			productReference = C9FBC3522CB6574A00EBAE11 /* Moolog.app */;
			productType = "com.apple.product-type.application";
		};
/* End PBXNativeTarget section */

/* Begin PBXProject section */
		C9FBC34A2CB6574A00EBAE11 /* Project object */ = {
			isa = PBXProject;
			attributes = {
				BuildIndependentTargetsInParallel = 1;
				LastSwiftUpdateCheck = 1530;
				LastUpgradeCheck = 1530;
				TargetAttributes = {
					C9FBC3512CB6574A00EBAE11 = {
						CreatedOnToolsVersion = 15.3;
					};
				};
			};
			buildConfigurationList = C9FBC34D2CB6574A00EBAE11 /* Build configuration list for PBXProject "Moolog" */;
			compatibilityVersion = "Xcode 14.0";
			developmentRegion = en;
			hasScannedForEncodings = 0;
			knownRegions = (
				en,
				Base,
			);
			mainGroup = C9FBC3492CB6574A00EBAE11;
			packageReferences = (
				C9A2E9D22CB6B20200F99900 /* XCRemoteSwiftPackageReference "RxSwift" */,
				C9A2E9D72CB6B26000F99900 /* XCRemoteSwiftPackageReference "RxDataSources" */,
				C9A2E9DC2CB6B2B800F99900 /* XCRemoteSwiftPackageReference "Kingfisher" */,
				C9A2E9DF2CB6B35900F99900 /* XCRemoteSwiftPackageReference "realm-swift" */,
				C9A2E9E22CB6B3C200F99900 /* XCRemoteSwiftPackageReference "SnapKit" */,
				C9A2E9E52CB6B52400F99900 /* XCRemoteSwiftPackageReference "SwiftLint" */,
			);
			productRefGroup = C9FBC3532CB6574A00EBAE11 /* Products */;
			projectDirPath = "";
			projectRoot = "";
			targets = (
				C9FBC3512CB6574A00EBAE11 /* Moolog */,
			);
		};
/* End PBXProject section */

/* Begin PBXResourcesBuildPhase section */
		C9FBC3502CB6574A00EBAE11 /* Resources */ = {
			isa = PBXResourcesBuildPhase;
			buildActionMask = 2147483647;
			files = (
				C0C34E2F2CB7B6B400299564 /* Pretendard-Bold.otf in Resources */,
				C9A2EA0A2CB6C49700F99900 /* MediaViewModel in Resources */,
				C9A2EA0D2CB6C4A900F99900 /* MediaController in Resources */,
				C9A2EA1C2CB6C50A00F99900 /* SearchController in Resources */,
				C9A2EA152CB6C4E800F99900 /* SearchViewModel in Resources */,
				C9A2E9E92CB6BE6500F99900 /* .swiftlint.yml in Resources */,
				C9FBC35F2CB6574A00EBAE11 /* Assets.xcassets in Resources */,
				C9A2EA272CB6C58F00F99900 /* FavoriteCell in Resources */,
				C9A2EA192CB6C4FC00F99900 /* SearchCell in Resources */,
				C9A2EA2B2CB6C5CD00F99900 /* TrendVM in Resources */,
				C0C34E2E2CB7B6B400299564 /* Pretendard-Medium.otf in Resources */,
				C9FBC3622CB6574A00EBAE11 /* Base in Resources */,
				C9A2EA302CB6C5E800F99900 /* TrendEmptyController in Resources */,
				C9A2EA242CB6C56000F99900 /* FavoriteController in Resources */,
				C9A2EA342CB6C60500F99900 /* TrendEmptyCell in Resources */,
				C9A2EA202CB6C52A00F99900 /* FavViewModel in Resources */,
				C9A2E9FD2CB6C36D00F99900 /* ModelEmptyFile in Resources */,
				C9A2E9F42CB6C2DC00F99900 /* EnumEmptyFile in Resources */,
				C9A2EA102CB6C4B300F99900 /* MediaCell in Resources */,
			);
			runOnlyForDeploymentPostprocessing = 0;
		};
/* End PBXResourcesBuildPhase section */

/* Begin PBXSourcesBuildPhase section */
		C9FBC34E2CB6574A00EBAE11 /* Sources */ = {
			isa = PBXSourcesBuildPhase;
			buildActionMask = 2147483647;
			files = (

				A0221B0B2CB935B200FCFE9F /* FavoriteMovieRepository.swift in Sources */,
				C9DC487D2CB7517A0073F3C3 /* ViewModelType.swift in Sources */,
				C9FBC35A2CB6574A00EBAE11 /* ViewController.swift in Sources */,
				A0221B072CB92E5B00FCFE9F /* FavoriteMovie.swift in Sources */,

				C0925C122CB93953007EF2D5 /* NetworkManager.swift in Sources */,
				C0925C1B2CB957C9007EF2D5 /* CreditsResponse.swift in Sources */,
				C0925C0E2CB93737007EF2D5 /* Header.swift in Sources */,
				C9DC487D2CB7517A0073F3C3 /* ViewModelType.swift in Sources */,
				C9FBC35A2CB6574A00EBAE11 /* ViewController.swift in Sources */,
				C0925C152CB954EF007EF2D5 /* TrendingMovieResponse.swift in Sources */,

				C98CD6F32CB81FC4005361D5 /* HTTPMethod.swift in Sources */,
				A0221B092CB9330200FCFE9F /* RecentKeyword.swift in Sources */,
				C98CD6F12CB81EAB005361D5 /* TargetType.swift in Sources */,
				C0C34E3B2CB7EC7C00299564 /* TabBarController.swift in Sources */,

				A0221B0D2CBA285D00FCFE9F /* RecentKeywordRepository.swift in Sources */,

				C0925C1D2CB95866007EF2D5 /* SimilarMovieResponse.swift in Sources */,

				C0C34E2A2CB7B65100299564 /* UIFont+.swift in Sources */,
				C0925C062CB90688007EF2D5 /* URLConstants.swift in Sources */,
				C0C34E352CB7E88A00299564 /* BaseNavigationViewController.swift in Sources */,

				A0221B102CBA792900FCFE9F /* FileStorage.swift in Sources */,

				C0925C172CB95645007EF2D5 /* TrendingTVResponse.swift in Sources */,
				C0925C1F2CB95987007EF2D5 /* MovieDetailResponse.swift in Sources */,

				C0C34E372CB7E94B00299564 /* BaseTableViewCell.swift in Sources */,
				C0925C102CB93825007EF2D5 /* Router.swift in Sources */,
				C0925C192CB956E5007EF2D5 /* SearchResponse.swift in Sources */,
				C0C34E392CB7E9CC00299564 /* BaseCollectionViewCell.swift in Sources */,
				C084CD942CB7F39500EC59C2 /* ImageButton.swift in Sources */,
				C9FBC3562CB6574A00EBAE11 /* AppDelegate.swift in Sources */,
				C9FBC3582CB6574A00EBAE11 /* SceneDelegate.swift in Sources */,
				C0C34E332CB7E63E00299564 /* BaseViewController.swift in Sources */,
				C0C34E312CB7BDF800299564 /* Constant.swift in Sources */,
			);
			runOnlyForDeploymentPostprocessing = 0;
		};
/* End PBXSourcesBuildPhase section */

/* Begin PBXTargetDependency section */
		C9A2E9E72CB6B54900F99900 /* PBXTargetDependency */ = {
			isa = PBXTargetDependency;
			productRef = C9A2E9E62CB6B54900F99900 /* SwiftLintBuildToolPlugin */;
		};
/* End PBXTargetDependency section */

/* Begin PBXVariantGroup section */
		C9FBC3602CB6574A00EBAE11 /* LaunchScreen.storyboard */ = {
			isa = PBXVariantGroup;
			children = (
				C9FBC3612CB6574A00EBAE11 /* Base */,
			);
			name = LaunchScreen.storyboard;
			sourceTree = "<group>";
		};
/* End PBXVariantGroup section */

/* Begin XCBuildConfiguration section */
		C9FBC3642CB6574A00EBAE11 /* Debug */ = {
			isa = XCBuildConfiguration;
			baseConfigurationReference = C0925C042CB902A5007EF2D5 /* Secrets.xcconfig */;
			buildSettings = {
				ALWAYS_SEARCH_USER_PATHS = NO;
				ASSETCATALOG_COMPILER_GENERATE_SWIFT_ASSET_SYMBOL_EXTENSIONS = YES;
				CLANG_ANALYZER_NONNULL = YES;
				CLANG_ANALYZER_NUMBER_OBJECT_CONVERSION = YES_AGGRESSIVE;
				CLANG_CXX_LANGUAGE_STANDARD = "gnu++20";
				CLANG_ENABLE_MODULES = YES;
				CLANG_ENABLE_OBJC_ARC = YES;
				CLANG_ENABLE_OBJC_WEAK = YES;
				CLANG_WARN_BLOCK_CAPTURE_AUTORELEASING = YES;
				CLANG_WARN_BOOL_CONVERSION = YES;
				CLANG_WARN_COMMA = YES;
				CLANG_WARN_CONSTANT_CONVERSION = YES;
				CLANG_WARN_DEPRECATED_OBJC_IMPLEMENTATIONS = YES;
				CLANG_WARN_DIRECT_OBJC_ISA_USAGE = YES_ERROR;
				CLANG_WARN_DOCUMENTATION_COMMENTS = YES;
				CLANG_WARN_EMPTY_BODY = YES;
				CLANG_WARN_ENUM_CONVERSION = YES;
				CLANG_WARN_INFINITE_RECURSION = YES;
				CLANG_WARN_INT_CONVERSION = YES;
				CLANG_WARN_NON_LITERAL_NULL_CONVERSION = YES;
				CLANG_WARN_OBJC_IMPLICIT_RETAIN_SELF = YES;
				CLANG_WARN_OBJC_LITERAL_CONVERSION = YES;
				CLANG_WARN_OBJC_ROOT_CLASS = YES_ERROR;
				CLANG_WARN_QUOTED_INCLUDE_IN_FRAMEWORK_HEADER = YES;
				CLANG_WARN_RANGE_LOOP_ANALYSIS = YES;
				CLANG_WARN_STRICT_PROTOTYPES = YES;
				CLANG_WARN_SUSPICIOUS_MOVE = YES;
				CLANG_WARN_UNGUARDED_AVAILABILITY = YES_AGGRESSIVE;
				CLANG_WARN_UNREACHABLE_CODE = YES;
				CLANG_WARN__DUPLICATE_METHOD_MATCH = YES;
				COPY_PHASE_STRIP = NO;
				DEBUG_INFORMATION_FORMAT = dwarf;
				ENABLE_STRICT_OBJC_MSGSEND = YES;
				ENABLE_TESTABILITY = YES;
				ENABLE_USER_SCRIPT_SANDBOXING = YES;
				GCC_C_LANGUAGE_STANDARD = gnu17;
				GCC_DYNAMIC_NO_PIC = NO;
				GCC_NO_COMMON_BLOCKS = YES;
				GCC_OPTIMIZATION_LEVEL = 0;
				GCC_PREPROCESSOR_DEFINITIONS = (
					"DEBUG=1",
					"$(inherited)",
				);
				GCC_WARN_64_TO_32_BIT_CONVERSION = YES;
				GCC_WARN_ABOUT_RETURN_TYPE = YES_ERROR;
				GCC_WARN_UNDECLARED_SELECTOR = YES;
				GCC_WARN_UNINITIALIZED_AUTOS = YES_AGGRESSIVE;
				GCC_WARN_UNUSED_FUNCTION = YES;
				GCC_WARN_UNUSED_VARIABLE = YES;
				IPHONEOS_DEPLOYMENT_TARGET = 17.4;
				LOCALIZATION_PREFERS_STRING_CATALOGS = YES;
				MTL_ENABLE_DEBUG_INFO = INCLUDE_SOURCE;
				MTL_FAST_MATH = YES;
				ONLY_ACTIVE_ARCH = YES;
				SDKROOT = iphoneos;
				SWIFT_ACTIVE_COMPILATION_CONDITIONS = "DEBUG $(inherited)";
				SWIFT_OPTIMIZATION_LEVEL = "-Onone";
			};
			name = Debug;
		};
		C9FBC3652CB6574A00EBAE11 /* Release */ = {
			isa = XCBuildConfiguration;
			baseConfigurationReference = C0925C042CB902A5007EF2D5 /* Secrets.xcconfig */;
			buildSettings = {
				ALWAYS_SEARCH_USER_PATHS = NO;
				ASSETCATALOG_COMPILER_GENERATE_SWIFT_ASSET_SYMBOL_EXTENSIONS = YES;
				CLANG_ANALYZER_NONNULL = YES;
				CLANG_ANALYZER_NUMBER_OBJECT_CONVERSION = YES_AGGRESSIVE;
				CLANG_CXX_LANGUAGE_STANDARD = "gnu++20";
				CLANG_ENABLE_MODULES = YES;
				CLANG_ENABLE_OBJC_ARC = YES;
				CLANG_ENABLE_OBJC_WEAK = YES;
				CLANG_WARN_BLOCK_CAPTURE_AUTORELEASING = YES;
				CLANG_WARN_BOOL_CONVERSION = YES;
				CLANG_WARN_COMMA = YES;
				CLANG_WARN_CONSTANT_CONVERSION = YES;
				CLANG_WARN_DEPRECATED_OBJC_IMPLEMENTATIONS = YES;
				CLANG_WARN_DIRECT_OBJC_ISA_USAGE = YES_ERROR;
				CLANG_WARN_DOCUMENTATION_COMMENTS = YES;
				CLANG_WARN_EMPTY_BODY = YES;
				CLANG_WARN_ENUM_CONVERSION = YES;
				CLANG_WARN_INFINITE_RECURSION = YES;
				CLANG_WARN_INT_CONVERSION = YES;
				CLANG_WARN_NON_LITERAL_NULL_CONVERSION = YES;
				CLANG_WARN_OBJC_IMPLICIT_RETAIN_SELF = YES;
				CLANG_WARN_OBJC_LITERAL_CONVERSION = YES;
				CLANG_WARN_OBJC_ROOT_CLASS = YES_ERROR;
				CLANG_WARN_QUOTED_INCLUDE_IN_FRAMEWORK_HEADER = YES;
				CLANG_WARN_RANGE_LOOP_ANALYSIS = YES;
				CLANG_WARN_STRICT_PROTOTYPES = YES;
				CLANG_WARN_SUSPICIOUS_MOVE = YES;
				CLANG_WARN_UNGUARDED_AVAILABILITY = YES_AGGRESSIVE;
				CLANG_WARN_UNREACHABLE_CODE = YES;
				CLANG_WARN__DUPLICATE_METHOD_MATCH = YES;
				COPY_PHASE_STRIP = NO;
				DEBUG_INFORMATION_FORMAT = "dwarf-with-dsym";
				ENABLE_NS_ASSERTIONS = NO;
				ENABLE_STRICT_OBJC_MSGSEND = YES;
				ENABLE_USER_SCRIPT_SANDBOXING = YES;
				GCC_C_LANGUAGE_STANDARD = gnu17;
				GCC_NO_COMMON_BLOCKS = YES;
				GCC_WARN_64_TO_32_BIT_CONVERSION = YES;
				GCC_WARN_ABOUT_RETURN_TYPE = YES_ERROR;
				GCC_WARN_UNDECLARED_SELECTOR = YES;
				GCC_WARN_UNINITIALIZED_AUTOS = YES_AGGRESSIVE;
				GCC_WARN_UNUSED_FUNCTION = YES;
				GCC_WARN_UNUSED_VARIABLE = YES;
				IPHONEOS_DEPLOYMENT_TARGET = 17.4;
				LOCALIZATION_PREFERS_STRING_CATALOGS = YES;
				MTL_ENABLE_DEBUG_INFO = NO;
				MTL_FAST_MATH = YES;
				SDKROOT = iphoneos;
				SWIFT_COMPILATION_MODE = wholemodule;
				VALIDATE_PRODUCT = YES;
			};
			name = Release;
		};
		C9FBC3672CB6574A00EBAE11 /* Debug */ = {
			isa = XCBuildConfiguration;
			baseConfigurationReference = C0925C042CB902A5007EF2D5 /* Secrets.xcconfig */;
			buildSettings = {
				ASSETCATALOG_COMPILER_APPICON_NAME = AppIcon;
				ASSETCATALOG_COMPILER_GLOBAL_ACCENT_COLOR_NAME = AccentColor;
				CODE_SIGN_STYLE = Automatic;
				CURRENT_PROJECT_VERSION = 1;
				DEVELOPMENT_TEAM = T4W7695R5C;
				GENERATE_INFOPLIST_FILE = YES;
				INFOPLIST_FILE = Moolog/Resources/Info.plist;
				INFOPLIST_KEY_UIApplicationSupportsIndirectInputEvents = YES;
				INFOPLIST_KEY_UILaunchStoryboardName = LaunchScreen;
				INFOPLIST_KEY_UISupportedInterfaceOrientations = UIInterfaceOrientationPortrait;
				INFOPLIST_KEY_UISupportedInterfaceOrientations_iPad = UIInterfaceOrientationPortrait;
				IPHONEOS_DEPLOYMENT_TARGET = 15.0;
				LD_RUNPATH_SEARCH_PATHS = (
					"$(inherited)",
					"@executable_path/Frameworks",
				);
				MARKETING_VERSION = 1.0;
				PRODUCT_BUNDLE_IDENTIFIER = com.melongcity.Moolog;
				PRODUCT_NAME = "$(TARGET_NAME)";
				SUPPORTED_PLATFORMS = "iphoneos iphonesimulator";
				SUPPORTS_MACCATALYST = NO;
				SUPPORTS_MAC_DESIGNED_FOR_IPHONE_IPAD = NO;
				SUPPORTS_XR_DESIGNED_FOR_IPHONE_IPAD = NO;
				SWIFT_EMIT_LOC_STRINGS = YES;
				SWIFT_VERSION = 5.0;
				TARGETED_DEVICE_FAMILY = 1;
			};
			name = Debug;
		};
		C9FBC3682CB6574A00EBAE11 /* Release */ = {
			isa = XCBuildConfiguration;
			baseConfigurationReference = C0925C042CB902A5007EF2D5 /* Secrets.xcconfig */;
			buildSettings = {
				ASSETCATALOG_COMPILER_APPICON_NAME = AppIcon;
				ASSETCATALOG_COMPILER_GLOBAL_ACCENT_COLOR_NAME = AccentColor;
				CODE_SIGN_STYLE = Automatic;
				CURRENT_PROJECT_VERSION = 1;
				DEVELOPMENT_TEAM = T4W7695R5C;
				GENERATE_INFOPLIST_FILE = YES;
				INFOPLIST_FILE = Moolog/Resources/Info.plist;
				INFOPLIST_KEY_UIApplicationSupportsIndirectInputEvents = YES;
				INFOPLIST_KEY_UILaunchStoryboardName = LaunchScreen;
				INFOPLIST_KEY_UISupportedInterfaceOrientations = UIInterfaceOrientationPortrait;
				INFOPLIST_KEY_UISupportedInterfaceOrientations_iPad = UIInterfaceOrientationPortrait;
				IPHONEOS_DEPLOYMENT_TARGET = 15.0;
				LD_RUNPATH_SEARCH_PATHS = (
					"$(inherited)",
					"@executable_path/Frameworks",
				);
				MARKETING_VERSION = 1.0;
				PRODUCT_BUNDLE_IDENTIFIER = com.melongcity.Moolog;
				PRODUCT_NAME = "$(TARGET_NAME)";
				SUPPORTED_PLATFORMS = "iphoneos iphonesimulator";
				SUPPORTS_MACCATALYST = NO;
				SUPPORTS_MAC_DESIGNED_FOR_IPHONE_IPAD = NO;
				SUPPORTS_XR_DESIGNED_FOR_IPHONE_IPAD = NO;
				SWIFT_EMIT_LOC_STRINGS = YES;
				SWIFT_VERSION = 5.0;
				TARGETED_DEVICE_FAMILY = 1;
			};
			name = Release;
		};
/* End XCBuildConfiguration section */

/* Begin XCConfigurationList section */
		C9FBC34D2CB6574A00EBAE11 /* Build configuration list for PBXProject "Moolog" */ = {
			isa = XCConfigurationList;
			buildConfigurations = (
				C9FBC3642CB6574A00EBAE11 /* Debug */,
				C9FBC3652CB6574A00EBAE11 /* Release */,
			);
			defaultConfigurationIsVisible = 0;
			defaultConfigurationName = Release;
		};
		C9FBC3662CB6574A00EBAE11 /* Build configuration list for PBXNativeTarget "Moolog" */ = {
			isa = XCConfigurationList;
			buildConfigurations = (
				C9FBC3672CB6574A00EBAE11 /* Debug */,
				C9FBC3682CB6574A00EBAE11 /* Release */,
			);
			defaultConfigurationIsVisible = 0;
			defaultConfigurationName = Release;
		};
/* End XCConfigurationList section */

/* Begin XCRemoteSwiftPackageReference section */
		C9A2E9D22CB6B20200F99900 /* XCRemoteSwiftPackageReference "RxSwift" */ = {
			isa = XCRemoteSwiftPackageReference;
			repositoryURL = "https://github.com/ReactiveX/RxSwift.git";
			requirement = {
				kind = upToNextMajorVersion;
				minimumVersion = 6.8.0;
			};
		};
		C9A2E9D72CB6B26000F99900 /* XCRemoteSwiftPackageReference "RxDataSources" */ = {
			isa = XCRemoteSwiftPackageReference;
			repositoryURL = "https://github.com/RxSwiftCommunity/RxDataSources.git";
			requirement = {
				kind = upToNextMajorVersion;
				minimumVersion = 5.0.2;
			};
		};
		C9A2E9DC2CB6B2B800F99900 /* XCRemoteSwiftPackageReference "Kingfisher" */ = {
			isa = XCRemoteSwiftPackageReference;
			repositoryURL = "https://github.com/onevcat/Kingfisher.git";
			requirement = {
				kind = upToNextMajorVersion;
				minimumVersion = 8.0.3;
			};
		};
		C9A2E9DF2CB6B35900F99900 /* XCRemoteSwiftPackageReference "realm-swift" */ = {
			isa = XCRemoteSwiftPackageReference;
			repositoryURL = "https://github.com/realm/realm-swift.git";
			requirement = {
				kind = exactVersion;
				version = 10.54.0;
			};
		};
		C9A2E9E22CB6B3C200F99900 /* XCRemoteSwiftPackageReference "SnapKit" */ = {
			isa = XCRemoteSwiftPackageReference;
			repositoryURL = "https://github.com/SnapKit/SnapKit.git";
			requirement = {
				kind = upToNextMajorVersion;
				minimumVersion = 5.7.1;
			};
		};
		C9A2E9E52CB6B52400F99900 /* XCRemoteSwiftPackageReference "SwiftLint" */ = {
			isa = XCRemoteSwiftPackageReference;
			repositoryURL = "https://github.com/realm/SwiftLint.git";
			requirement = {
				kind = upToNextMajorVersion;
				minimumVersion = 0.57.0;
			};
		};
/* End XCRemoteSwiftPackageReference section */

/* Begin XCSwiftPackageProductDependency section */
		C9A2E9D32CB6B20200F99900 /* RxCocoa */ = {
			isa = XCSwiftPackageProductDependency;
			package = C9A2E9D22CB6B20200F99900 /* XCRemoteSwiftPackageReference "RxSwift" */;
			productName = RxCocoa;
		};
		C9A2E9D52CB6B20200F99900 /* RxSwift */ = {
			isa = XCSwiftPackageProductDependency;
			package = C9A2E9D22CB6B20200F99900 /* XCRemoteSwiftPackageReference "RxSwift" */;
			productName = RxSwift;
		};
		C9A2E9D82CB6B26000F99900 /* Differentiator */ = {
			isa = XCSwiftPackageProductDependency;
			package = C9A2E9D72CB6B26000F99900 /* XCRemoteSwiftPackageReference "RxDataSources" */;
			productName = Differentiator;
		};
		C9A2E9DA2CB6B26000F99900 /* RxDataSources */ = {
			isa = XCSwiftPackageProductDependency;
			package = C9A2E9D72CB6B26000F99900 /* XCRemoteSwiftPackageReference "RxDataSources" */;
			productName = RxDataSources;
		};
		C9A2E9DD2CB6B2B800F99900 /* Kingfisher */ = {
			isa = XCSwiftPackageProductDependency;
			package = C9A2E9DC2CB6B2B800F99900 /* XCRemoteSwiftPackageReference "Kingfisher" */;
			productName = Kingfisher;
		};
		C9A2E9E02CB6B35900F99900 /* RealmSwift */ = {
			isa = XCSwiftPackageProductDependency;
			package = C9A2E9DF2CB6B35900F99900 /* XCRemoteSwiftPackageReference "realm-swift" */;
			productName = RealmSwift;
		};
		C9A2E9E32CB6B3C200F99900 /* SnapKit */ = {
			isa = XCSwiftPackageProductDependency;
			package = C9A2E9E22CB6B3C200F99900 /* XCRemoteSwiftPackageReference "SnapKit" */;
			productName = SnapKit;
		};
		C9A2E9E62CB6B54900F99900 /* SwiftLintBuildToolPlugin */ = {
			isa = XCSwiftPackageProductDependency;
			package = C9A2E9E52CB6B52400F99900 /* XCRemoteSwiftPackageReference "SwiftLint" */;
			productName = "plugin:SwiftLintBuildToolPlugin";
		};
/* End XCSwiftPackageProductDependency section */
	};
	rootObject = C9FBC34A2CB6574A00EBAE11 /* Project object */;
}
